
Microsoft Visual Studio Solution File, Format Version 12.00
# Visual Studio 15
VisualStudioVersion = 15.0.27703.2042
MinimumVisualStudioVersion = 10.0.40219.1
Project("{FAE04EC0-301F-11D3-BF4B-00C04F79EFBC}") = "Regex.Demo", "Regex.Demo\Regex.Demo.csproj", "{6A4647DF-6628-4C0E-AC78-AD9ACA9958E0}"
EndProject
Global
	GlobalSection(SolutionConfigurationPlatforms) = preSolution
		Debug|Any CPU = Debug|Any CPU
		Release|Any CPU = Release|Any CPU
	EndGlobalSection
	GlobalSection(ProjectConfigurationPlatforms) = postSolution
		{6A4647DF-6628-4C0E-AC78-AD9ACA9958E0}.Debug|Any CPU.ActiveCfg = Debug|Any CPU
		{6A4647DF-6628-4C0E-AC78-AD9ACA9958E0}.Debug|Any CPU.Build.0 = Debug|Any CPU
		{6A4647DF-6628-4C0E-AC78-AD9ACA9958E0}.Release|Any CPU.ActiveCfg = Release|Any CPU
		{6A4647DF-6628-4C0E-AC78-AD9ACA9958E0}.Release|Any CPU.Build.0 = Release|Any CPU
	EndGlobalSection
	GlobalSection(SolutionProperties) = preSolution
		HideSolutionNode = FALSE
	EndGlobalSection
	GlobalSection(ExtensibilityGlobals) = postSolution
		SolutionGuid = {EACBFC5F-D2E0-4612-A979-76816C6391AB}
	EndGlobalSection
EndGlobal
